
Microsoft Visual Studio Solution File, Format Version 12.00
# Visual Studio Version 17
VisualStudioVersion = 17.14.36121.58
MinimumVisualStudioVersion = 10.0.40219.1
Project("{2150E333-8FDC-42A3-9474-1A3956D46DE8}") = "src", "src", "{02EA681E-C7D8-13C7-8484-4AC65E1B71E8}"
EndProject
Project("{2150E333-8FDC-42A3-9474-1A3956D46DE8}") = "API", "API", "{D687832B-0960-4BC6-A35F-6CA2AD6F3CF3}"
EndProject
Project("{2150E333-8FDC-42A3-9474-1A3956D46DE8}") = "Infrastructure", "Infrastructure", "{C709AEF4-59E7-4344-8902-E4CB0663599F}"
EndProject
Project("{2150E333-8FDC-42A3-9474-1A3956D46DE8}") = "tests", "tests", "{6918B9DB-F6A7-4299-A460-43A5A8B5FDCB}"
EndProject
Project("{2150E333-8FDC-42A3-9474-1A3956D46DE8}") = "Core", "Core", "{72D6036D-3D96-4183-BC74-F77E169CDB9B}"
EndProject
Project("{2150E333-8FDC-42A3-9474-1A3956D46DE8}") = "UI", "UI", "{81B1A571-48DF-47F9-8C69-45436FE09FFF}"
EndProject
Project("{FAE04EC0-301F-11D3-BF4B-00C04F79EFBC}") = "ABC.Learning.Resource.Domain", "ABC.Learning.Resource.Domain\ABC.Learning.Resource.Domain.csproj", "{71BBAAF7-3D78-44D0-99B5-982DB487E410}"
EndProject
Project("{FAE04EC0-301F-11D3-BF4B-00C04F79EFBC}") = "ABC.Learning.Resource.Persistence", "ABC.Learning.Resource.Persistence\ABC.Learning.Resource.Persistence.csproj", "{57E1BACF-952D-4F50-B554-D50E458386A4}"
EndProject
Project("{FAE04EC0-301F-11D3-BF4B-00C04F79EFBC}") = "ABC.Learning.Resource.Application", "ABC.Learning.Resource.Application\ABC.Learning.Resource.Application.csproj", "{859F0F3B-17E8-43EA-975D-7D049B42BCAD}"
EndProject
Project("{FAE04EC0-301F-11D3-BF4B-00C04F79EFBC}") = "ABC.Learning.Resource.API", "ABC.Learning.Resource.API\ABC.Learning.Resource.API.csproj", "{E8F5C040-526C-4E38-8BDC-D20A3DF1FC08}"
EndProject
Global
	GlobalSection(SolutionConfigurationPlatforms) = preSolution
		Debug|Any CPU = Debug|Any CPU
		Release|Any CPU = Release|Any CPU
	EndGlobalSection
	GlobalSection(ProjectConfigurationPlatforms) = postSolution
		{71BBAAF7-3D78-44D0-99B5-982DB487E410}.Debug|Any CPU.ActiveCfg = Debug|Any CPU
		{71BBAAF7-3D78-44D0-99B5-982DB487E410}.Debug|Any CPU.Build.0 = Debug|Any CPU
		{71BBAAF7-3D78-44D0-99B5-982DB487E410}.Release|Any CPU.ActiveCfg = Release|Any CPU
		{71BBAAF7-3D78-44D0-99B5-982DB487E410}.Release|Any CPU.Build.0 = Release|Any CPU
		{57E1BACF-952D-4F50-B554-D50E458386A4}.Debug|Any CPU.ActiveCfg = Debug|Any CPU
		{57E1BACF-952D-4F50-B554-D50E458386A4}.Debug|Any CPU.Build.0 = Debug|Any CPU
		{57E1BACF-952D-4F50-B554-D50E458386A4}.Release|Any CPU.ActiveCfg = Release|Any CPU
		{57E1BACF-952D-4F50-B554-D50E458386A4}.Release|Any CPU.Build.0 = Release|Any CPU
		{859F0F3B-17E8-43EA-975D-7D049B42BCAD}.Debug|Any CPU.ActiveCfg = Debug|Any CPU
		{859F0F3B-17E8-43EA-975D-7D049B42BCAD}.Debug|Any CPU.Build.0 = Debug|Any CPU
		{859F0F3B-17E8-43EA-975D-7D049B42BCAD}.Release|Any CPU.ActiveCfg = Release|Any CPU
		{859F0F3B-17E8-43EA-975D-7D049B42BCAD}.Release|Any CPU.Build.0 = Release|Any CPU
		{E8F5C040-526C-4E38-8BDC-D20A3DF1FC08}.Debug|Any CPU.ActiveCfg = Debug|Any CPU
		{E8F5C040-526C-4E38-8BDC-D20A3DF1FC08}.Debug|Any CPU.Build.0 = Debug|Any CPU
		{E8F5C040-526C-4E38-8BDC-D20A3DF1FC08}.Release|Any CPU.ActiveCfg = Release|Any CPU
		{E8F5C040-526C-4E38-8BDC-D20A3DF1FC08}.Release|Any CPU.Build.0 = Release|Any CPU
	EndGlobalSection
	GlobalSection(SolutionProperties) = preSolution
		HideSolutionNode = FALSE
	EndGlobalSection
	GlobalSection(NestedProjects) = preSolution
		{D687832B-0960-4BC6-A35F-6CA2AD6F3CF3} = {02EA681E-C7D8-13C7-8484-4AC65E1B71E8}
		{C709AEF4-59E7-4344-8902-E4CB0663599F} = {02EA681E-C7D8-13C7-8484-4AC65E1B71E8}
		{72D6036D-3D96-4183-BC74-F77E169CDB9B} = {02EA681E-C7D8-13C7-8484-4AC65E1B71E8}
		{81B1A571-48DF-47F9-8C69-45436FE09FFF} = {02EA681E-C7D8-13C7-8484-4AC65E1B71E8}
		{71BBAAF7-3D78-44D0-99B5-982DB487E410} = {72D6036D-3D96-4183-BC74-F77E169CDB9B}
		{57E1BACF-952D-4F50-B554-D50E458386A4} = {C709AEF4-59E7-4344-8902-E4CB0663599F}
		{859F0F3B-17E8-43EA-975D-7D049B42BCAD} = {72D6036D-3D96-4183-BC74-F77E169CDB9B}
		{E8F5C040-526C-4E38-8BDC-D20A3DF1FC08} = {D687832B-0960-4BC6-A35F-6CA2AD6F3CF3}
	EndGlobalSection
	GlobalSection(ExtensibilityGlobals) = postSolution
		SolutionGuid = {D2274290-E40C-4572-916C-C88882D82A0C}
	EndGlobalSection
EndGlobal
